{
  "name": "upstash-search-songs",
  "version": "1.0.0",
  "lockfileVersion": 3,
  "requires": true,
  "packages": {
    "": {
      "name": "upstash-search-songs",
      "version": "1.0.0",
      "dependencies": {
        "@upstash/search": "^0.1.7",
        "dotenv": "^16.4.5",
        "fast-xml-parser": "^4.5.0"
      }
    },
    "node_modules/@upstash/search": {
      "version": "0.1.7",
      "resolved": "https://registry.npmjs.org/@upstash/search/-/search-0.1.7.tgz",
      "integrity": "sha512-rgJ52TP0eUPLFo4K6TZtiC7qICbJnEwkT+TqaDI1vN8/Hk6qidgNC9dpnUUXCiqfwogty1rlSyBhYfk6PRgXjA==",
      "license": "MIT",
      "dependencies": {
        "@upstash/vector": "^1.2.1"
      }
    },
    "node_modules/@upstash/vector": {
      "version": "1.2.2",
      "resolved": "https://registry.npmjs.org/@upstash/vector/-/vector-1.2.2.tgz",
      "integrity": "sha512-ptQ9xnxtKqmpNK52PCcHCszlPOLxIBfjsv7ty8RoF95pkjctS9rSjTQ3Pl9bx5VFbpDj+0dMXw88WLt6swDkgQ==",
      "license": "MIT"
    },
    "node_modules/dotenv": {
      "version": "16.6.1",
      "resolved": "https://registry.npmjs.org/dotenv/-/dotenv-16.6.1.tgz",
      "integrity": "sha512-uBq4egWHTcTt33a72vpSG0z3HnPuIl6NqYcTrKEg2azoEyl2hpW0zqlxysq2pK9HlDIHyHyakeYaYnSAwd8bow==",
      "license": "BSD-2-Clause",
      "engines": {
        "node": ">=12"
      },
      "funding": {
        "url": "https://dotenvx.com"
      }
    },
    "node_modules/fast-xml-parser": {
      "version": "4.5.3",
      "resolved": "https://registry.npmjs.org/fast-xml-parser/-/fast-xml-parser-4.5.3.tgz",
      "integrity": "sha512-RKihhV+SHsIUGXObeVy9AXiBbFwkVk7Syp8XgwN5U3JV416+Gwp/GO9i0JYKmikykgz/UHRrrV4ROuZEo/T0ig==",
      "funding": [
        {
          "type": "github",
          "url": "https://github.com/sponsors/NaturalIntelligence"
        }
      ],
      "license": "MIT",
      "dependencies": {
        "strnum": "^1.1.1"
      },
      "bin": {
        "fxparser": "src/cli/cli.js"
      }
    },
    "node_modules/strnum": {
      "version": "1.1.2",
      "resolved": "https://registry.npmjs.org/strnum/-/strnum-1.1.2.tgz",
      "integrity": "sha512-vrN+B7DBIoTTZjnPNewwhx6cBA/H+IS7rfW68n7XxC1y7uoiGQBxaKzqucGUgavX15dJgiGztLJ8vxuEzwqBdA==",
      "funding": [
        {
          "type": "github",
          "url": "https://github.com/sponsors/NaturalIntelligence"
        }
      ],
      "license": "MIT"
    }
  }
}
